GEM
  remote: https://rubygems.org/
  specs:
    nokogiri (1.19.0-arm64-darwin)
      racc (~> 1.4)
    racc (1.8.1)
    rubyzip (3.2.2)

PLATFORMS
  arm64-darwin-23

DEPENDENCIES
  nokogiri
  rubyzip

CHECKSUMS
  nokogiri (1.19.0-arm64-darwin) sha256=0811dfd936d5f6dd3f6d32ef790568bf29b2b7bead9ba68866847b33c9cf5810
  racc (1.8.1) sha256=4a7f6929691dbec8b5209a0b373bc2614882b55fc5d2e447a21aaa691303d62f
  rubyzip (3.2.2) sha256=c0ed99385f0625415c8f05bcae33fe649ed2952894a95ff8b08f26ca57ea5b3c

BUNDLED WITH
  4.0.3
